Microsoft Visual Studio Solution File, Format Version 12.00
# Visual Studio Version 17
VisualStudioVersion = 17.5.2.0
MinimumVisualStudioVersion = 10.0.40219.1
Project("{FAE04EC0-301F-11D3-BF4B-00C04F79EFBC}") = "projeto_dotnet_console_revisao", "projeto_dotnet_console_revisao\projeto_dotnet_console_revisao.csproj", "{A6771243-4A8F-81B9-4C4A-7EF09CD1EC58}"
EndProject
Global
	GlobalSection(SolutionConfigurationPlatforms) = preSolution
		Debug|Any CPU = Debug|Any CPU
		Release|Any CPU = Release|Any CPU
	EndGlobalSection
	GlobalSection(ProjectConfigurationPlatforms) = postSolution
		{A6771243-4A8F-81B9-4C4A-7EF09CD1EC58}.Debug|Any CPU.ActiveCfg = Debug|Any CPU
		{A6771243-4A8F-81B9-4C4A-7EF09CD1EC58}.Debug|Any CPU.Build.0 = Debug|Any CPU
		{A6771243-4A8F-81B9-4C4A-7EF09CD1EC58}.Release|Any CPU.ActiveCfg = Release|Any CPU
		{A6771243-4A8F-81B9-4C4A-7EF09CD1EC58}.Release|Any CPU.Build.0 = Release|Any CPU
	EndGlobalSection
	GlobalSection(SolutionProperties) = preSolution
		HideSolutionNode = FALSE
	EndGlobalSection
	GlobalSection(ExtensibilityGlobals) = postSolution
		SolutionGuid = {3E275603-2A37-47B6-A286-C41B4C84A212}
	EndGlobalSection
EndGlobal
